// !$*UTF8*$!
{
	archiveVersion = 1;
	classes = {
	};
	objectVersion = 56;
	objects = {

/* Begin PBXBuildFile section */
		38AEE79D2ACCFB1200CAE9BD /* PocketMagicApp.swift in Sources */ = {isa = PBXBuildFile; fileRef = 38AEE79C2ACCFB1200CAE9BD /* PocketMagicApp.swift */; };
		38AEE7A12ACCFB1300CAE9BD /* Assets.xcassets in Resources */ = {isa = PBXBuildFile; fileRef = 38AEE7A02ACCFB1300CAE9BD /* Assets.xcassets */; };
		38AEE7A42ACCFB1300CAE9BD /* Preview Assets.xcassets in Resources */ = {isa = PBXBuildFile; fileRef = 38AEE7A32ACCFB1300CAE9BD /* Preview Assets.xcassets */; };
		38C398852AD4BF19003C7850 /* SpellsView.swift in Sources */ = {isa = PBXBuildFile; fileRef = 38C398842AD4BF18003C7850 /* SpellsView.swift */; };
		38C398882AD4C01A003C7850 /* SpellsService.swift in Sources */ = {isa = PBXBuildFile; fileRef = 38C398872AD4C01A003C7850 /* SpellsService.swift */; };
		38C3988A2AD4C095003C7850 /* SpellsModel.swift in Sources */ = {isa = PBXBuildFile; fileRef = 38C398892AD4C095003C7850 /* SpellsModel.swift */; };
		38C3988C2AD4C45A003C7850 /* SpellsViewModel.swift in Sources */ = {isa = PBXBuildFile; fileRef = 38C3988B2AD4C45A003C7850 /* SpellsViewModel.swift */; };
		38C7A7CF2AD21602003F8D2F /* Image+Ext.swift in Sources */ = {isa = PBXBuildFile; fileRef = 38C7A7CE2AD21602003F8D2F /* Image+Ext.swift */; };
		38C7A7D12AD32293003F8D2F /* CharactersDetailView.swift in Sources */ = {isa = PBXBuildFile; fileRef = 38C7A7D02AD32293003F8D2F /* CharactersDetailView.swift */; };
		38C7A7D32AD355F6003F8D2F /* CharactersDetailRowView.swift in Sources */ = {isa = PBXBuildFile; fileRef = 38C7A7D22AD355F6003F8D2F /* CharactersDetailRowView.swift */; };
		38E981B22AD1B27A00893E25 /* CharactersModel.swift in Sources */ = {isa = PBXBuildFile; fileRef = 38E981B12AD1B27A00893E25 /* CharactersModel.swift */; };
		38E981B42AD1B28800893E25 /* CharactersViewModel.swift in Sources */ = {isa = PBXBuildFile; fileRef = 38E981B32AD1B28800893E25 /* CharactersViewModel.swift */; };
		38E981B62AD1B2FA00893E25 /* BaseNetworking.swift in Sources */ = {isa = PBXBuildFile; fileRef = 38E981B52AD1B2FA00893E25 /* BaseNetworking.swift */; };
		38E981B92AD1B5E600893E25 /* CharactersService.swift in Sources */ = {isa = PBXBuildFile; fileRef = 38E981B82AD1B5E600893E25 /* CharactersService.swift */; };
		38E981BB2AD20C6A00893E25 /* WandModel.swift in Sources */ = {isa = PBXBuildFile; fileRef = 38E981BA2AD20C6A00893E25 /* WandModel.swift */; };
		38ECE0F72ACDB5FB00C4C2C5 /* TabBarView.swift in Sources */ = {isa = PBXBuildFile; fileRef = 38ECE0F62ACDB5FB00C4C2C5 /* TabBarView.swift */; };
		38ECE0F92ACDB6D200C4C2C5 /* CharactersView.swift in Sources */ = {isa = PBXBuildFile; fileRef = 38ECE0F82ACDB6D200C4C2C5 /* CharactersView.swift */; };
/* End PBXBuildFile section */

/* Begin PBXFileReference section */
		38AEE7992ACCFB1200CAE9BD /* PocketMagic.app */ = {isa = PBXFileReference; explicitFileType = wrapper.application; includeInIndex = 0; path = PocketMagic.app; sourceTree = BUILT_PRODUCTS_DIR; };
		38AEE79C2ACCFB1200CAE9BD /* PocketMagicApp.swift */ = {isa = PBXFileReference; lastKnownFileType = sourcecode.swift; path = PocketMagicApp.swift; sourceTree = "<group>"; };
		38AEE7A02ACCFB1300CAE9BD /* Assets.xcassets */ = {isa = PBXFileReference; lastKnownFileType = folder.assetcatalog; path = Assets.xcassets; sourceTree = "<group>"; };
		38AEE7A32ACCFB1300CAE9BD /* Preview Assets.xcassets */ = {isa = PBXFileReference; lastKnownFileType = folder.assetcatalog; path = "Preview Assets.xcassets"; sourceTree = "<group>"; };
		38C398842AD4BF18003C7850 /* SpellsView.swift */ = {isa = PBXFileReference; lastKnownFileType = sourcecode.swift; path = SpellsView.swift; sourceTree = "<group>"; };
		38C398872AD4C01A003C7850 /* SpellsService.swift */ = {isa = PBXFileReference; lastKnownFileType = sourcecode.swift; path = SpellsService.swift; sourceTree = "<group>"; };
		38C398892AD4C095003C7850 /* SpellsModel.swift */ = {isa = PBXFileReference; lastKnownFileType = sourcecode.swift; path = SpellsModel.swift; sourceTree = "<group>"; };
		38C3988B2AD4C45A003C7850 /* SpellsViewModel.swift */ = {isa = PBXFileReference; lastKnownFileType = sourcecode.swift; path = SpellsViewModel.swift; sourceTree = "<group>"; };
		38C7A7CE2AD21602003F8D2F /* Image+Ext.swift */ = {isa = PBXFileReference; lastKnownFileType = sourcecode.swift; path = "Image+Ext.swift"; sourceTree = "<group>"; };
		38C7A7D02AD32293003F8D2F /* CharactersDetailView.swift */ = {isa = PBXFileReference; lastKnownFileType = sourcecode.swift; path = CharactersDetailView.swift; sourceTree = "<group>"; };
		38C7A7D22AD355F6003F8D2F /* CharactersDetailRowView.swift */ = {isa = PBXFileReference; lastKnownFileType = sourcecode.swift; path = CharactersDetailRowView.swift; sourceTree = "<group>"; };
		38E981B12AD1B27A00893E25 /* CharactersModel.swift */ = {isa = PBXFileReference; lastKnownFileType = sourcecode.swift; path = CharactersModel.swift; sourceTree = "<group>"; };
		38E981B32AD1B28800893E25 /* CharactersViewModel.swift */ = {isa = PBXFileReference; lastKnownFileType = sourcecode.swift; path = CharactersViewModel.swift; sourceTree = "<group>"; };
		38E981B52AD1B2FA00893E25 /* BaseNetworking.swift */ = {isa = PBXFileReference; lastKnownFileType = sourcecode.swift; path = BaseNetworking.swift; sourceTree = "<group>"; };
		38E981B82AD1B5E600893E25 /* CharactersService.swift */ = {isa = PBXFileReference; lastKnownFileType = sourcecode.swift; path = CharactersService.swift; sourceTree = "<group>"; };
		38E981BA2AD20C6A00893E25 /* WandModel.swift */ = {isa = PBXFileReference; lastKnownFileType = sourcecode.swift; path = WandModel.swift; sourceTree = "<group>"; };
		38ECE0F62ACDB5FB00C4C2C5 /* TabBarView.swift */ = {isa = PBXFileReference; lastKnownFileType = sourcecode.swift; path = TabBarView.swift; sourceTree = "<group>"; };
		38ECE0F82ACDB6D200C4C2C5 /* CharactersView.swift */ = {isa = PBXFileReference; lastKnownFileType = sourcecode.swift; path = CharactersView.swift; sourceTree = "<group>"; };
/* End PBXFileReference section */

/* Begin PBXFrameworksBuildPhase section */
		38AEE7962ACCFB1200CAE9BD /* Frameworks */ = {
			isa = PBXFrameworksBuildPhase;
			buildActionMask = 2147483647;
			files = (
			);
			runOnlyForDeploymentPostprocessing = 0;
		};
/* End PBXFrameworksBuildPhase section */

/* Begin PBXGroup section */
		38AEE7902ACCFB1200CAE9BD = {
			isa = PBXGroup;
			children = (
				38AEE79B2ACCFB1200CAE9BD /* PocketMagic */,
				38AEE79A2ACCFB1200CAE9BD /* Products */,
			);
			sourceTree = "<group>";
		};
		38AEE79A2ACCFB1200CAE9BD /* Products */ = {
			isa = PBXGroup;
			children = (
				38AEE7992ACCFB1200CAE9BD /* PocketMagic.app */,
			);
			name = Products;
			sourceTree = "<group>";
		};
		38AEE79B2ACCFB1200CAE9BD /* PocketMagic */ = {
			isa = PBXGroup;
			children = (
				38C7A7CD2AD215F3003F8D2F /* Util */,
				38E981AD2AD1B24F00893E25 /* Networking */,
				38E981AA2AD1B23500893E25 /* Features */,
				38AEE79C2ACCFB1200CAE9BD /* PocketMagicApp.swift */,
				38AEE7A02ACCFB1300CAE9BD /* Assets.xcassets */,
				38AEE7A22ACCFB1300CAE9BD /* Preview Content */,
			);
			path = PocketMagic;
			sourceTree = "<group>";
		};
		38AEE7A22ACCFB1300CAE9BD /* Preview Content */ = {
			isa = PBXGroup;
			children = (
				38AEE7A32ACCFB1300CAE9BD /* Preview Assets.xcassets */,
			);
			path = "Preview Content";
			sourceTree = "<group>";
		};
		38C398802AD4BEC0003C7850 /* Spells */ = {
			isa = PBXGroup;
			children = (
				38C398832AD4BEDA003C7850 /* ViewModels */,
				38C398822AD4BED4003C7850 /* Views */,
				38C398812AD4BECB003C7850 /* Models */,
			);
			path = Spells;
			sourceTree = "<group>";
		};
		38C398812AD4BECB003C7850 /* Models */ = {
			isa = PBXGroup;
			children = (
				38C398892AD4C095003C7850 /* SpellsModel.swift */,
			);
			path = Models;
			sourceTree = "<group>";
		};
		38C398822AD4BED4003C7850 /* Views */ = {
			isa = PBXGroup;
			children = (
				38C398842AD4BF18003C7850 /* SpellsView.swift */,
			);
			path = Views;
			sourceTree = "<group>";
		};
		38C398832AD4BEDA003C7850 /* ViewModels */ = {
			isa = PBXGroup;
			children = (
				38C3988B2AD4C45A003C7850 /* SpellsViewModel.swift */,
			);
			path = ViewModels;
			sourceTree = "<group>";
		};
		38C398862AD4BFF1003C7850 /* Spells */ = {
			isa = PBXGroup;
			children = (
				38C398872AD4C01A003C7850 /* SpellsService.swift */,
			);
			path = Spells;
			sourceTree = "<group>";
		};
		38C7A7CD2AD215F3003F8D2F /* Util */ = {
			isa = PBXGroup;
			children = (
				38C7A7CE2AD21602003F8D2F /* Image+Ext.swift */,
			);
			path = Util;
			sourceTree = "<group>";
		};
		38E981AA2AD1B23500893E25 /* Features */ = {
			isa = PBXGroup;
			children = (
				38E981AB2AD1B23B00893E25 /* TabBar */,
				38E981AC2AD1B24300893E25 /* Characters */,
				38C398802AD4BEC0003C7850 /* Spells */,
			);
			path = Features;
			sourceTree = "<group>";
		};
		38E981AB2AD1B23B00893E25 /* TabBar */ = {
			isa = PBXGroup;
			children = (
				38ECE0F62ACDB5FB00C4C2C5 /* TabBarView.swift */,
			);
			path = TabBar;
			sourceTree = "<group>";
		};
		38E981AC2AD1B24300893E25 /* Characters */ = {
			isa = PBXGroup;
			children = (
				38E981B02AD1B26B00893E25 /* ViewModels */,
				38E981AF2AD1B26600893E25 /* Views */,
				38E981AE2AD1B25600893E25 /* Models */,
			);
			path = Characters;
			sourceTree = "<group>";
		};
		38E981AD2AD1B24F00893E25 /* Networking */ = {
			isa = PBXGroup;
			children = (
				38C398862AD4BFF1003C7850 /* Spells */,
				38E981B72AD1B5DB00893E25 /* Characters */,
				38E981B52AD1B2FA00893E25 /* BaseNetworking.swift */,
			);
			path = Networking;
			sourceTree = "<group>";
		};
		38E981AE2AD1B25600893E25 /* Models */ = {
			isa = PBXGroup;
			children = (
				38E981B12AD1B27A00893E25 /* CharactersModel.swift */,
				38E981BA2AD20C6A00893E25 /* WandModel.swift */,
			);
			path = Models;
			sourceTree = "<group>";
		};
		38E981AF2AD1B26600893E25 /* Views */ = {
			isa = PBXGroup;
			children = (
				38ECE0F82ACDB6D200C4C2C5 /* CharactersView.swift */,
				38C7A7D02AD32293003F8D2F /* CharactersDetailView.swift */,
				38C7A7D22AD355F6003F8D2F /* CharactersDetailRowView.swift */,
			);
			path = Views;
			sourceTree = "<group>";
		};
		38E981B02AD1B26B00893E25 /* ViewModels */ = {
			isa = PBXGroup;
			children = (
				38E981B32AD1B28800893E25 /* CharactersViewModel.swift */,
			);
			path = ViewModels;
			sourceTree = "<group>";
		};
		38E981B72AD1B5DB00893E25 /* Characters */ = {
			isa = PBXGroup;
			children = (
				38E981B82AD1B5E600893E25 /* CharactersService.swift */,
			);
			path = Characters;
			sourceTree = "<group>";
		};
/* End PBXGroup section */

/* Begin PBXNativeTarget section */
		38AEE7982ACCFB1200CAE9BD /* PocketMagic */ = {
			isa = PBXNativeTarget;
			buildConfigurationList = 38AEE7A72ACCFB1300CAE9BD /* Build configuration list for PBXNativeTarget "PocketMagic" */;
			buildPhases = (
				38AEE7952ACCFB1200CAE9BD /* Sources */,
				38AEE7962ACCFB1200CAE9BD /* Frameworks */,
				38AEE7972ACCFB1200CAE9BD /* Resources */,
			);
			buildRules = (
			);
			dependencies = (
			);
			name = PocketMagic;
			productName = PocketMagic;
			productReference = 38AEE7992ACCFB1200CAE9BD /* PocketMagic.app */;
			productType = "com.apple.product-type.application";
		};
/* End PBXNativeTarget section */

/* Begin PBXProject section */
		38AEE7912ACCFB1200CAE9BD /* Project object */ = {
			isa = PBXProject;
			attributes = {
				BuildIndependentTargetsInParallel = 1;
				LastSwiftUpdateCheck = 1500;
				LastUpgradeCheck = 1500;
				TargetAttributes = {
					38AEE7982ACCFB1200CAE9BD = {
						CreatedOnToolsVersion = 15.0;
					};
				};
			};
			buildConfigurationList = 38AEE7942ACCFB1200CAE9BD /* Build configuration list for PBXProject "PocketMagic" */;
			compatibilityVersion = "Xcode 14.0";
			developmentRegion = en;
			hasScannedForEncodings = 0;
			knownRegions = (
				en,
				Base,
			);
			mainGroup = 38AEE7902ACCFB1200CAE9BD;
			productRefGroup = 38AEE79A2ACCFB1200CAE9BD /* Products */;
			projectDirPath = "";
			projectRoot = "";
			targets = (
				38AEE7982ACCFB1200CAE9BD /* PocketMagic */,
			);
		};
/* End PBXProject section */

/* Begin PBXResourcesBuildPhase section */
		38AEE7972ACCFB1200CAE9BD /* Resources */ = {
			isa = PBXResourcesBuildPhase;
			buildActionMask = 2147483647;
			files = (
				38AEE7A42ACCFB1300CAE9BD /* Preview Assets.xcassets in Resources */,
				38AEE7A12ACCFB1300CAE9BD /* Assets.xcassets in Resources */,
			);
			runOnlyForDeploymentPostprocessing = 0;
		};
/* End PBXResourcesBuildPhase section */

/* Begin PBXSourcesBuildPhase section */
		38AEE7952ACCFB1200CAE9BD /* Sources */ = {
			isa = PBXSourcesBuildPhase;
			buildActionMask = 2147483647;
			files = (
				38E981B92AD1B5E600893E25 /* CharactersService.swift in Sources */,
				38C398852AD4BF19003C7850 /* SpellsView.swift in Sources */,
				38ECE0F72ACDB5FB00C4C2C5 /* TabBarView.swift in Sources */,
				38C7A7CF2AD21602003F8D2F /* Image+Ext.swift in Sources */,
				38E981B22AD1B27A00893E25 /* CharactersModel.swift in Sources */,
				38E981B62AD1B2FA00893E25 /* BaseNetworking.swift in Sources */,
				38C398882AD4C01A003C7850 /* SpellsService.swift in Sources */,
				38C7A7D32AD355F6003F8D2F /* CharactersDetailRowView.swift in Sources */,
				38AEE79D2ACCFB1200CAE9BD /* PocketMagicApp.swift in Sources */,
				38E981BB2AD20C6A00893E25 /* WandModel.swift in Sources */,
				38C3988C2AD4C45A003C7850 /* SpellsViewModel.swift in Sources */,
				38C3988A2AD4C095003C7850 /* SpellsModel.swift in Sources */,
				38ECE0F92ACDB6D200C4C2C5 /* CharactersView.swift in Sources */,
				38E981B42AD1B28800893E25 /* CharactersViewModel.swift in Sources */,
				38C7A7D12AD32293003F8D2F /* CharactersDetailView.swift in Sources */,
			);
			runOnlyForDeploymentPostprocessing = 0;
		};
/* End PBXSourcesBuildPhase section */

/* Begin XCBuildConfiguration section */
		38AEE7A52ACCFB1300CAE9BD /* Debug */ = {
			isa = XCBuildConfiguration;
			buildSettings = {
				ALWAYS_SEARCH_USER_PATHS = NO;
				ASSETCATALOG_COMPILER_GENERATE_SWIFT_ASSET_SYMBOL_EXTENSIONS = YES;
				CLANG_ANALYZER_NONNULL = YES;
				CLANG_ANALYZER_NUMBER_OBJECT_CONVERSION = YES_AGGRESSIVE;
				CLANG_CXX_LANGUAGE_STANDARD = "gnu++20";
				CLANG_ENABLE_MODULES = YES;
				CLANG_ENABLE_OBJC_ARC = YES;
				CLANG_ENABLE_OBJC_WEAK = YES;
				CLANG_WARN_BLOCK_CAPTURE_AUTORELEASING = YES;
				CLANG_WARN_BOOL_CONVERSION = YES;
				CLANG_WARN_COMMA = YES;
				CLANG_WARN_CONSTANT_CONVERSION = YES;
				CLANG_WARN_DEPRECATED_OBJC_IMPLEMENTATIONS = YES;
				CLANG_WARN_DIRECT_OBJC_ISA_USAGE = YES_ERROR;
				CLANG_WARN_DOCUMENTATION_COMMENTS = YES;
				CLANG_WARN_EMPTY_BODY = YES;
				CLANG_WARN_ENUM_CONVERSION = YES;
				CLANG_WARN_INFINITE_RECURSION = YES;
				CLANG_WARN_INT_CONVERSION = YES;
				CLANG_WARN_NON_LITERAL_NULL_CONVERSION = YES;
				CLANG_WARN_OBJC_IMPLICIT_RETAIN_SELF = YES;
				CLANG_WARN_OBJC_LITERAL_CONVERSION = YES;
				CLANG_WARN_OBJC_ROOT_CLASS = YES_ERROR;
				CLANG_WARN_QUOTED_INCLUDE_IN_FRAMEWORK_HEADER = YES;
				CLANG_WARN_RANGE_LOOP_ANALYSIS = YES;
				CLANG_WARN_STRICT_PROTOTYPES = YES;
				CLANG_WARN_SUSPICIOUS_MOVE = YES;
				CLANG_WARN_UNGUARDED_AVAILABILITY = YES_AGGRESSIVE;
				CLANG_WARN_UNREACHABLE_CODE = YES;
				CLANG_WARN__DUPLICATE_METHOD_MATCH = YES;
				COPY_PHASE_STRIP = NO;
				DEBUG_INFORMATION_FORMAT = dwarf;
				ENABLE_STRICT_OBJC_MSGSEND = YES;
				ENABLE_TESTABILITY = YES;
				ENABLE_USER_SCRIPT_SANDBOXING = YES;
				GCC_C_LANGUAGE_STANDARD = gnu17;
				GCC_DYNAMIC_NO_PIC = NO;
				GCC_NO_COMMON_BLOCKS = YES;
				GCC_OPTIMIZATION_LEVEL = 0;
				GCC_PREPROCESSOR_DEFINITIONS = (
					"DEBUG=1",
					"$(inherited)",
				);
				GCC_WARN_64_TO_32_BIT_CONVERSION = YES;
				GCC_WARN_ABOUT_RETURN_TYPE = YES_ERROR;
				GCC_WARN_UNDECLARED_SELECTOR = YES;
				GCC_WARN_UNINITIALIZED_AUTOS = YES_AGGRESSIVE;
				GCC_WARN_UNUSED_FUNCTION = YES;
				GCC_WARN_UNUSED_VARIABLE = YES;
				IPHONEOS_DEPLOYMENT_TARGET = 17.0;
				LOCALIZATION_PREFERS_STRING_CATALOGS = YES;
				MTL_ENABLE_DEBUG_INFO = INCLUDE_SOURCE;
				MTL_FAST_MATH = YES;
				ONLY_ACTIVE_ARCH = YES;
				SDKROOT = iphoneos;
				SWIFT_ACTIVE_COMPILATION_CONDITIONS = "DEBUG $(inherited)";
				SWIFT_OPTIMIZATION_LEVEL = "-Onone";
			};
			name = Debug;
		};
		38AEE7A62ACCFB1300CAE9BD /* Release */ = {
			isa = XCBuildConfiguration;
			buildSettings = {
				ALWAYS_SEARCH_USER_PATHS = NO;
				ASSETCATALOG_COMPILER_GENERATE_SWIFT_ASSET_SYMBOL_EXTENSIONS = YES;
				CLANG_ANALYZER_NONNULL = YES;
				CLANG_ANALYZER_NUMBER_OBJECT_CONVERSION = YES_AGGRESSIVE;
				CLANG_CXX_LANGUAGE_STANDARD = "gnu++20";
				CLANG_ENABLE_MODULES = YES;
				CLANG_ENABLE_OBJC_ARC = YES;
				CLANG_ENABLE_OBJC_WEAK = YES;
				CLANG_WARN_BLOCK_CAPTURE_AUTORELEASING = YES;
				CLANG_WARN_BOOL_CONVERSION = YES;
				CLANG_WARN_COMMA = YES;
				CLANG_WARN_CONSTANT_CONVERSION = YES;
				CLANG_WARN_DEPRECATED_OBJC_IMPLEMENTATIONS = YES;
				CLANG_WARN_DIRECT_OBJC_ISA_USAGE = YES_ERROR;
				CLANG_WARN_DOCUMENTATION_COMMENTS = YES;
				CLANG_WARN_EMPTY_BODY = YES;
				CLANG_WARN_ENUM_CONVERSION = YES;
				CLANG_WARN_INFINITE_RECURSION = YES;
				CLANG_WARN_INT_CONVERSION = YES;
				CLANG_WARN_NON_LITERAL_NULL_CONVERSION = YES;
				CLANG_WARN_OBJC_IMPLICIT_RETAIN_SELF = YES;
				CLANG_WARN_OBJC_LITERAL_CONVERSION = YES;
				CLANG_WARN_OBJC_ROOT_CLASS = YES_ERROR;
				CLANG_WARN_QUOTED_INCLUDE_IN_FRAMEWORK_HEADER = YES;
				CLANG_WARN_RANGE_LOOP_ANALYSIS = YES;
				CLANG_WARN_STRICT_PROTOTYPES = YES;
				CLANG_WARN_SUSPICIOUS_MOVE = YES;
				CLANG_WARN_UNGUARDED_AVAILABILITY = YES_AGGRESSIVE;
				CLANG_WARN_UNREACHABLE_CODE = YES;
				CLANG_WARN__DUPLICATE_METHOD_MATCH = YES;
				COPY_PHASE_STRIP = NO;
				DEBUG_INFORMATION_FORMAT = "dwarf-with-dsym";
				ENABLE_NS_ASSERTIONS = NO;
				ENABLE_STRICT_OBJC_MSGSEND = YES;
				ENABLE_USER_SCRIPT_SANDBOXING = YES;
				GCC_C_LANGUAGE_STANDARD = gnu17;
				GCC_NO_COMMON_BLOCKS = YES;
				GCC_WARN_64_TO_32_BIT_CONVERSION = YES;
				GCC_WARN_ABOUT_RETURN_TYPE = YES_ERROR;
				GCC_WARN_UNDECLARED_SELECTOR = YES;
				GCC_WARN_UNINITIALIZED_AUTOS = YES_AGGRESSIVE;
				GCC_WARN_UNUSED_FUNCTION = YES;
				GCC_WARN_UNUSED_VARIABLE = YES;
				IPHONEOS_DEPLOYMENT_TARGET = 17.0;
				LOCALIZATION_PREFERS_STRING_CATALOGS = YES;
				MTL_ENABLE_DEBUG_INFO = NO;
				MTL_FAST_MATH = YES;
				SDKROOT = iphoneos;
				SWIFT_COMPILATION_MODE = wholemodule;
				VALIDATE_PRODUCT = YES;
			};
			name = Release;
		};
		38AEE7A82ACCFB1300CAE9BD /* Debug */ = {
			isa = XCBuildConfiguration;
			buildSettings = {
				ASSETCATALOG_COMPILER_APPICON_NAME = AppIcon;
				ASSETCATALOG_COMPILER_GLOBAL_ACCENT_COLOR_NAME = AccentColor;
				CODE_SIGN_STYLE = Automatic;
				CURRENT_PROJECT_VERSION = 1;
				DEVELOPMENT_ASSET_PATHS = "\"PocketMagic/Preview Content\"";
				DEVELOPMENT_TEAM = H574TJ3JKS;
				ENABLE_PREVIEWS = YES;
				GENERATE_INFOPLIST_FILE = YES;
				INFOPLIST_KEY_UIApplicationSceneManifest_Generation = YES;
				INFOPLIST_KEY_UIApplicationSupportsIndirectInputEvents = YES;
				INFOPLIST_KEY_UILaunchScreen_Generation = YES;
				INFOPLIST_KEY_UISupportedInterfaceOrientations_iPad = "UIInterfaceOrientationPortrait UIInterfaceOrientationPortraitUpsideDown UIInterfaceOrientationLandscapeLeft UIInterfaceOrientationLandscapeRight";
				INFOPLIST_KEY_UISupportedInterfaceOrientations_iPhone = "UIInterfaceOrientationPortrait UIInterfaceOrientationLandscapeLeft UIInterfaceOrientationLandscapeRight";
				LD_RUNPATH_SEARCH_PATHS = (
					"$(inherited)",
					"@executable_path/Frameworks",
				);
				MARKETING_VERSION = 1.0;
				PRODUCT_BUNDLE_IDENTIFIER = com.adolphopiazza.PocketMagic;
				PRODUCT_NAME = "$(TARGET_NAME)";
				SWIFT_EMIT_LOC_STRINGS = YES;
				SWIFT_VERSION = 5.0;
				TARGETED_DEVICE_FAMILY = "1,2";
			};
			name = Debug;
		};
		38AEE7A92ACCFB1300CAE9BD /* Release */ = {
			isa = XCBuildConfiguration;
			buildSettings = {
				ASSETCATALOG_COMPILER_APPICON_NAME = AppIcon;
				ASSETCATALOG_COMPILER_GLOBAL_ACCENT_COLOR_NAME = AccentColor;
				CODE_SIGN_STYLE = Automatic;
				CURRENT_PROJECT_VERSION = 1;
				DEVELOPMENT_ASSET_PATHS = "\"PocketMagic/Preview Content\"";
				DEVELOPMENT_TEAM = H574TJ3JKS;
				ENABLE_PREVIEWS = YES;
				GENERATE_INFOPLIST_FILE = YES;
				INFOPLIST_KEY_UIApplicationSceneManifest_Generation = YES;
				INFOPLIST_KEY_UIApplicationSupportsIndirectInputEvents = YES;
				INFOPLIST_KEY_UILaunchScreen_Generation = YES;
				INFOPLIST_KEY_UISupportedInterfaceOrientations_iPad = "UIInterfaceOrientationPortrait UIInterfaceOrientationPortraitUpsideDown UIInterfaceOrientationLandscapeLeft UIInterfaceOrientationLandscapeRight";
				INFOPLIST_KEY_UISupportedInterfaceOrientations_iPhone = "UIInterfaceOrientationPortrait UIInterfaceOrientationLandscapeLeft UIInterfaceOrientationLandscapeRight";
				LD_RUNPATH_SEARCH_PATHS = (
					"$(inherited)",
					"@executable_path/Frameworks",
				);
				MARKETING_VERSION = 1.0;
				PRODUCT_BUNDLE_IDENTIFIER = com.adolphopiazza.PocketMagic;
				PRODUCT_NAME = "$(TARGET_NAME)";
				SWIFT_EMIT_LOC_STRINGS = YES;
				SWIFT_VERSION = 5.0;
				TARGETED_DEVICE_FAMILY = "1,2";
			};
			name = Release;
		};
/* End XCBuildConfiguration section */

/* Begin XCConfigurationList section */
		38AEE7942ACCFB1200CAE9BD /* Build configuration list for PBXProject "PocketMagic" */ = {
			isa = XCConfigurationList;
			buildConfigurations = (
				38AEE7A52ACCFB1300CAE9BD /* Debug */,
				38AEE7A62ACCFB1300CAE9BD /* Release */,
			);
			defaultConfigurationIsVisible = 0;
			defaultConfigurationName = Release;
		};
		38AEE7A72ACCFB1300CAE9BD /* Build configuration list for PBXNativeTarget "PocketMagic" */ = {
			isa = XCConfigurationList;
			buildConfigurations = (
				38AEE7A82ACCFB1300CAE9BD /* Debug */,
				38AEE7A92ACCFB1300CAE9BD /* Release */,
			);
			defaultConfigurationIsVisible = 0;
			defaultConfigurationName = Release;
		};
/* End XCConfigurationList section */
	};
	rootObject = 38AEE7912ACCFB1200CAE9BD /* Project object */;
}
